
Microsoft Visual Studio Solution File, Format Version 12.00
# Visual Studio Version 16
VisualStudioVersion = 16.0.31402.337
MinimumVisualStudioVersion = 10.0.40219.1
Project("{FAE04EC0-301F-11D3-BF4B-00C04F79EFBC}") = "Core", "Core\Core.csproj", "{DFB8349A-E1E5-4450-99F0-5246D9A69907}"
EndProject
Project("{FAE04EC0-301F-11D3-BF4B-00C04F79EFBC}") = "Server", "Server\Server.csproj", "{698784CE-3059-4D04-8EAD-D31F525EC726}"
EndProject
Project("{FAE04EC0-301F-11D3-BF4B-00C04F79EFBC}") = "Client", "Client\Client.csproj", "{1B4202D6-B5B1-4C95-AC85-323D763A1EA4}"
EndProject
Global
	GlobalSection(SolutionConfigurationPlatforms) = preSolution
		Debug|Any CPU = Debug|Any CPU
		Release|Any CPU = Release|Any CPU
	EndGlobalSection
	GlobalSection(ProjectConfigurationPlatforms) = postSolution
		{DFB8349A-E1E5-4450-99F0-5246D9A69907}.Debug|Any CPU.ActiveCfg = Debug|Any CPU
		{DFB8349A-E1E5-4450-99F0-5246D9A69907}.Debug|Any CPU.Build.0 = Debug|Any CPU
		{DFB8349A-E1E5-4450-99F0-5246D9A69907}.Release|Any CPU.ActiveCfg = Release|Any CPU
		{DFB8349A-E1E5-4450-99F0-5246D9A69907}.Release|Any CPU.Build.0 = Release|Any CPU
		{698784CE-3059-4D04-8EAD-D31F525EC726}.Debug|Any CPU.ActiveCfg = Debug|Any CPU
		{698784CE-3059-4D04-8EAD-D31F525EC726}.Debug|Any CPU.Build.0 = Debug|Any CPU
		{698784CE-3059-4D04-8EAD-D31F525EC726}.Release|Any CPU.ActiveCfg = Release|Any CPU
		{698784CE-3059-4D04-8EAD-D31F525EC726}.Release|Any CPU.Build.0 = Release|Any CPU
		{1B4202D6-B5B1-4C95-AC85-323D763A1EA4}.Debug|Any CPU.ActiveCfg = Debug|Any CPU
		{1B4202D6-B5B1-4C95-AC85-323D763A1EA4}.Debug|Any CPU.Build.0 = Debug|Any CPU
		{1B4202D6-B5B1-4C95-AC85-323D763A1EA4}.Release|Any CPU.ActiveCfg = Release|Any CPU
		{1B4202D6-B5B1-4C95-AC85-323D763A1EA4}.Release|Any CPU.Build.0 = Release|Any CPU
	EndGlobalSection
	GlobalSection(SolutionProperties) = preSolution
		HideSolutionNode = FALSE
	EndGlobalSection
	GlobalSection(ExtensibilityGlobals) = postSolution
		SolutionGuid = {B47B9E84-BAE6-46BF-935F-645CFDC20561}
	EndGlobalSection
EndGlobal
